
Microsoft Visual Studio Solution File, Format Version 12.00
# Visual Studio Version 17
VisualStudioVersion = 17.3.32922.545
MinimumVisualStudioVersion = 10.0.40219.1
Project("{FAE04EC0-301F-11D3-BF4B-00C04F79EFBC}") = "Capstone-Integracion-2", "Capstone-Integracion-2.csproj", "{9809EF58-49F1-42FA-8D56-D248ABF85394}"
EndProject
Global
	GlobalSection(SolutionConfigurationPlatforms) = preSolution
		Debug|Any CPU = Debug|Any CPU
		Release|Any CPU = Release|Any CPU
	EndGlobalSection
	GlobalSection(ProjectConfigurationPlatforms) = postSolution
		{9809EF58-49F1-42FA-8D56-D248ABF85394}.Debug|Any CPU.ActiveCfg = Debug|Any CPU
		{9809EF58-49F1-42FA-8D56-D248ABF85394}.Debug|Any CPU.Build.0 = Debug|Any CPU
		{9809EF58-49F1-42FA-8D56-D248ABF85394}.Release|Any CPU.ActiveCfg = Release|Any CPU
		{9809EF58-49F1-42FA-8D56-D248ABF85394}.Release|Any CPU.Build.0 = Release|Any CPU
	EndGlobalSection
	GlobalSection(SolutionProperties) = preSolution
		HideSolutionNode = FALSE
	EndGlobalSection
	GlobalSection(ExtensibilityGlobals) = postSolution
		SolutionGuid = {112E2F48-5EEC-4B29-9B3C-1AA51D602B0C}
	EndGlobalSection
EndGlobal
